github.com/drazidi/sapa-halo v1.0.0 h1:CnIIJDfdbIp/bZ/7fNgVsPLgh6T/EwlLJyXx98dieto=
github.com/drazidi/sapa-halo v1.0.0/go.mod h1:sEEj8IkV4RIM4VeapOfYjJNYaFGGJV38GooS3wL8VR8=
github.com/drazidi/sapa-halo v1.2.0 h1:VZs9svYUCRq4I4S7TqYbL0pr5IMmPdA0FDN+W7yDwes=
github.com/drazidi/sapa-halo v1.2.0/go.mod h1:sEEj8IkV4RIM4VeapOfYjJNYaFGGJV38GooS3wL8VR8=
github.com/drazidi/sapa-halo/v2 v2.0.0 h1:OPXJKn1I4VXZxdV0Mczifj7CUmmCxP5CFldFq/RyfXM=
github.com/drazidi/sapa-halo/v2 v2.0.0/go.mod h1:Ey+sW62P3P2W0idSQdY7gE3mD58dDkOMD1hZ8Xe4LHM=
